
Microsoft Visual Studio Solution File, Format Version 12.00
# Visual Studio 14
VisualStudioVersion = 14.0.25420.1
MinimumVisualStudioVersion = 10.0.40219.1
Project("{2150E333-8FDC-42A3-9474-1A3956D46DE8}") = "src", "src", "{82D8E3CA-8B56-4B6C-B5CD-CB650F6AE26E}"
EndProject
Project("{2150E333-8FDC-42A3-9474-1A3956D46DE8}") = "Solution Items", "Solution Items", "{5472BF3A-DE2F-4CCE-87AE-19A44C1DDCAE}"
	ProjectSection(SolutionItems) = preProject
		global.json = global.json
	EndProjectSection
EndProject
Project("{8BB2217D-0F2D-49D1-97BC-3654ED321F3B}") = "webcore", "src\webcore\webcore.xproj", "{9720D38C-3CBB-46C3-9054-752F44249742}"
EndProject
Project("{8BB2217D-0F2D-49D1-97BC-3654ED321F3B}") = "ExtensionsCore", "src\tui\ExtensionsCore.xproj", "{C8FE6A2B-1E08-42CF-A1CA-80EE8D08DCF5}"
EndProject
Project("{8BB2217D-0F2D-49D1-97BC-3654ED321F3B}") = "DatabaseCore", "src\DatabaseCore\DatabaseCore.xproj", "{368FADFD-FCDE-499E-8E13-F7246CAAAB25}"
EndProject
Global
	GlobalSection(SolutionConfigurationPlatforms) = preSolution
		Debug|Any CPU = Debug|Any CPU
		Release|Any CPU = Release|Any CPU
	EndGlobalSection
	GlobalSection(ProjectConfigurationPlatforms) = postSolution
		{9720D38C-3CBB-46C3-9054-752F44249742}.Debug|Any CPU.ActiveCfg = Debug|Any CPU
		{9720D38C-3CBB-46C3-9054-752F44249742}.Debug|Any CPU.Build.0 = Debug|Any CPU
		{9720D38C-3CBB-46C3-9054-752F44249742}.Release|Any CPU.ActiveCfg = Release|Any CPU
		{9720D38C-3CBB-46C3-9054-752F44249742}.Release|Any CPU.Build.0 = Release|Any CPU
		{C8FE6A2B-1E08-42CF-A1CA-80EE8D08DCF5}.Debug|Any CPU.ActiveCfg = Debug|Any CPU
		{C8FE6A2B-1E08-42CF-A1CA-80EE8D08DCF5}.Debug|Any CPU.Build.0 = Debug|Any CPU
		{C8FE6A2B-1E08-42CF-A1CA-80EE8D08DCF5}.Release|Any CPU.ActiveCfg = Release|Any CPU
		{C8FE6A2B-1E08-42CF-A1CA-80EE8D08DCF5}.Release|Any CPU.Build.0 = Release|Any CPU
		{368FADFD-FCDE-499E-8E13-F7246CAAAB25}.Debug|Any CPU.ActiveCfg = Debug|Any CPU
		{368FADFD-FCDE-499E-8E13-F7246CAAAB25}.Debug|Any CPU.Build.0 = Debug|Any CPU
		{368FADFD-FCDE-499E-8E13-F7246CAAAB25}.Release|Any CPU.ActiveCfg = Release|Any CPU
		{368FADFD-FCDE-499E-8E13-F7246CAAAB25}.Release|Any CPU.Build.0 = Release|Any CPU
	EndGlobalSection
	GlobalSection(SolutionProperties) = preSolution
		HideSolutionNode = FALSE
	EndGlobalSection
	GlobalSection(NestedProjects) = preSolution
		{9720D38C-3CBB-46C3-9054-752F44249742} = {82D8E3CA-8B56-4B6C-B5CD-CB650F6AE26E}
		{C8FE6A2B-1E08-42CF-A1CA-80EE8D08DCF5} = {82D8E3CA-8B56-4B6C-B5CD-CB650F6AE26E}
		{368FADFD-FCDE-499E-8E13-F7246CAAAB25} = {82D8E3CA-8B56-4B6C-B5CD-CB650F6AE26E}
	EndGlobalSection
EndGlobal
